{
  "requires": true,
  "lockfileVersion": 1,
  "dependencies": {
    "himalaya": {
      "version": "1.1.0",
      "resolved": "https://registry.npmjs.org/himalaya/-/himalaya-1.1.0.tgz",
      "integrity": "sha512-LLase1dHCRMel68/HZTFft0N0wti0epHr3nNY7ynpLbyZpmrKMQ8YIpiOV77TM97cNpC8Wb2n6f66IRggwdWPw=="
    },
    "spotify-uri": {
      "version": "4.0.0",
      "resolved": "https://registry.npmjs.org/spotify-uri/-/spotify-uri-4.0.0.tgz",
      "integrity": "sha512-ZAJKcnfx73glWG+3SCDRvW4nkVMzA2hqZwJtSDZ/o87EoGawh/CZ8YkqZIoVcLkg94suicEa/ZOiBFSz1MJ6Pg=="
    },
    "spotify-url-info": {
      "version": "3.2.6",
      "resolved": "https://registry.npmjs.org/spotify-url-info/-/spotify-url-info-3.2.6.tgz",
      "integrity": "sha512-AOGU4uyT0FqyEXbyvZc+ZShnTGBY1eMd50BBZBPfiXPT4ihuzmxAmkWj9VzHT9NIjX7MtVDrszATllR8+WeFkw==",
      "requires": {
        "himalaya": "~1.1.0",
        "spotify-uri": "~4.0.0"
      }
    }
  }
}
